
Microsoft Visual Studio Solution File, Format Version 12.00
# Visual Studio Version 17
VisualStudioVersion = 17.4.33122.133
MinimumVisualStudioVersion = 10.0.40219.1
Project("{FAE04EC0-301F-11D3-BF4B-00C04F79EFBC}") = "ImageProcessor", "ImageProcessor\ImageProcessor.csproj", "{62A73E2B-9ED6-4930-BFB2-DF489D3EF316}"
EndProject
Global
	GlobalSection(SolutionConfigurationPlatforms) = preSolution
		Debug|Any CPU = Debug|Any CPU
		Release|Any CPU = Release|Any CPU
	EndGlobalSection
	GlobalSection(ProjectConfigurationPlatforms) = postSolution
		{62A73E2B-9ED6-4930-BFB2-DF489D3EF316}.Debug|Any CPU.ActiveCfg = Debug|Any CPU
		{62A73E2B-9ED6-4930-BFB2-DF489D3EF316}.Debug|Any CPU.Build.0 = Debug|Any CPU
		{62A73E2B-9ED6-4930-BFB2-DF489D3EF316}.Release|Any CPU.ActiveCfg = Release|Any CPU
		{62A73E2B-9ED6-4930-BFB2-DF489D3EF316}.Release|Any CPU.Build.0 = Release|Any CPU
	EndGlobalSection
	GlobalSection(SolutionProperties) = preSolution
		HideSolutionNode = FALSE
	EndGlobalSection
	GlobalSection(ExtensibilityGlobals) = postSolution
		SolutionGuid = {6C0A1EAF-462E-4C25-9368-114E37CDFACB}
	EndGlobalSection
EndGlobal
